
Microsoft Visual Studio Solution File, Format Version 12.00
# Visual Studio Version 17
VisualStudioVersion = 17.3.32811.315
MinimumVisualStudioVersion = 10.0.40219.1
Project("{FAE04EC0-301F-11D3-BF4B-00C04F79EFBC}") = "ExpenseManagement.Api", "ExpenseManagement.Api\ExpenseManagement.Api.csproj", "{E457F15F-A7F2-47DE-B293-D4ACDCDC4C19}"
EndProject
Project("{FAE04EC0-301F-11D3-BF4B-00C04F79EFBC}") = "ExpenseManagement.Api.Application", "ExpenseManagement.Api.Application\ExpenseManagement.Api.Application.csproj", "{77C6686A-8E28-4BD8-AE6F-D6ED2E1E2D73}"
EndProject
Project("{FAE04EC0-301F-11D3-BF4B-00C04F79EFBC}") = "ExpenseManagement.Core", "ExpenseManagement.Core\ExpenseManagement.Core.csproj", "{2888F438-21CA-462D-9A4D-7301727F4676}"
EndProject
Project("{FAE04EC0-301F-11D3-BF4B-00C04F79EFBC}") = "ExpenseManagement.Infrastructure", "ExpenseManagement.Infrastructure\ExpenseManagement.Infrastructure.csproj", "{1CB4A98B-4973-4AF3-896F-69AB3D8293DE}"
EndProject
Global
	GlobalSection(SolutionConfigurationPlatforms) = preSolution
		Debug|Any CPU = Debug|Any CPU
		Release|Any CPU = Release|Any CPU
	EndGlobalSection
	GlobalSection(ProjectConfigurationPlatforms) = postSolution
		{E457F15F-A7F2-47DE-B293-D4ACDCDC4C19}.Debug|Any CPU.ActiveCfg = Debug|Any CPU
		{E457F15F-A7F2-47DE-B293-D4ACDCDC4C19}.Debug|Any CPU.Build.0 = Debug|Any CPU
		{E457F15F-A7F2-47DE-B293-D4ACDCDC4C19}.Release|Any CPU.ActiveCfg = Release|Any CPU
		{E457F15F-A7F2-47DE-B293-D4ACDCDC4C19}.Release|Any CPU.Build.0 = Release|Any CPU
		{77C6686A-8E28-4BD8-AE6F-D6ED2E1E2D73}.Debug|Any CPU.ActiveCfg = Debug|Any CPU
		{77C6686A-8E28-4BD8-AE6F-D6ED2E1E2D73}.Debug|Any CPU.Build.0 = Debug|Any CPU
		{77C6686A-8E28-4BD8-AE6F-D6ED2E1E2D73}.Release|Any CPU.ActiveCfg = Release|Any CPU
		{77C6686A-8E28-4BD8-AE6F-D6ED2E1E2D73}.Release|Any CPU.Build.0 = Release|Any CPU
		{2888F438-21CA-462D-9A4D-7301727F4676}.Debug|Any CPU.ActiveCfg = Debug|Any CPU
		{2888F438-21CA-462D-9A4D-7301727F4676}.Debug|Any CPU.Build.0 = Debug|Any CPU
		{2888F438-21CA-462D-9A4D-7301727F4676}.Release|Any CPU.ActiveCfg = Release|Any CPU
		{2888F438-21CA-462D-9A4D-7301727F4676}.Release|Any CPU.Build.0 = Release|Any CPU
		{1CB4A98B-4973-4AF3-896F-69AB3D8293DE}.Debug|Any CPU.ActiveCfg = Debug|Any CPU
		{1CB4A98B-4973-4AF3-896F-69AB3D8293DE}.Debug|Any CPU.Build.0 = Debug|Any CPU
		{1CB4A98B-4973-4AF3-896F-69AB3D8293DE}.Release|Any CPU.ActiveCfg = Release|Any CPU
		{1CB4A98B-4973-4AF3-896F-69AB3D8293DE}.Release|Any CPU.Build.0 = Release|Any CPU
	EndGlobalSection
	GlobalSection(SolutionProperties) = preSolution
		HideSolutionNode = FALSE
	EndGlobalSection
	GlobalSection(ExtensibilityGlobals) = postSolution
		SolutionGuid = {FE77E3E8-89DA-4B12-9E58-DE385250321C}
	EndGlobalSection
EndGlobal
